{
    "_readme": [
        "This file locks the dependencies of your project to a known state",
        "Read more about it at https://getcomposer.org/doc/01-basic-usage.md#composer-lock-the-lock-file",
        "This file is @generated automatically"
    ],
    "hash": "4acdf7e7df35bd3d08145bd2c9fa3850",
    "content-hash": "0fc3490203db13437399b822642432f0",
    "packages": [
        {
            "name": "arbiter/arbiter",
            "version": "1.x-dev",
            "source": {
                "type": "git",
                "url": "https://github.com/arbiterphp/Arbiter.Arbiter.git",
                "reference": "8deb1bb91bc62d604b106deea2b20fd479c076d1"
            },
            "dist": {
                "type": "zip",
                "url": "https://api.github.com/repos/arbiterphp/Arbiter.Arbiter/zipball/8deb1bb91bc62d604b106deea2b20fd479c076d1",
                "reference": "8deb1bb91bc62d604b106deea2b20fd479c076d1",
                "shasum": ""
            },
            "require": {
                "php": ">=5.5.0",
                "psr/http-message": "~1.0"
            },
            "require-dev": {
                "zendframework/zend-diactoros": "~1.0"
            },
            "type": "library",
            "autoload": {
                "psr-4": {
                    "Arbiter\\": "src/"
                }
            },
            "notification-url": "https://packagist.org/downloads/",
            "license": [
                "MIT"
            ],
            "authors": [
                {
                    "name": "Arbiter.Arbiter Contributors",
                    "homepage": "https://github.com/arbiterphp/Arbiter.Arbiter/contributors"
                }
            ],
            "description": "A PSR-7 Action system for Action-Domain-Responder.",
            "homepage": "https://github.com/arbiterphp/Arbiter.Arbiter",
            "keywords": [
                "action domain responder",
                "adr",
                "middleware",
                "psr-7"
            ],
            "time": "2015-06-25 14:21:40"
        },
        {
            "name": "aura/di",
            "version": "3.x-dev",
            "source": {
                "type": "git",
                "url": "https://github.com/auraphp/Aura.Di.git",
                "reference": "77306539be4ceca3c36537d9f0f47764f4a27700"
            },
            "dist": {
                "type": "zip",
                "url": "https://api.github.com/repos/auraphp/Aura.Di/zipball/77306539be4ceca3c36537d9f0f47764f4a27700",
                "reference": "77306539be4ceca3c36537d9f0f47764f4a27700",
                "shasum": ""
            },
            "require": {
                "container-interop/container-interop": "~1.0",
                "php": ">=5.5.0"
            },
            "require-dev": {
                "acclimate/container": "~1.0",
                "mouf/picotainer": "~1.0"
            },
            "type": "library",
            "autoload": {
                "psr-4": {
                    "Aura\\Di\\": "src/"
                }
            },
            "notification-url": "https://packagist.org/downloads/",
            "license": [
                "MIT"
            ],
            "authors": [
                {
                    "name": "Aura.Di Contributors",
                    "homepage": "https://github.com/auraphp/Aura.Di/contributors"
                }
            ],
            "description": "A serializable dependency injection container with constructor and setter injection, interface and trait awareness, configuration inheritance, and much more.",
            "homepage": "https://github.com/auraphp/Aura.Di",
            "keywords": [
                "container",
                "dependency injection",
                "dependency injection container",
                "di",
                "di container"
            ],
            "time": "2016-01-04 15:22:30"
        },
        {
            "name": "aura/payload",
            "version": "3.x-dev",
            "source": {
                "type": "git",
                "url": "https://github.com/auraphp/Aura.Payload.git",
                "reference": "0599d5829a08b4a811395cdfb2b942c99c292bc1"
            },
            "dist": {
                "type": "zip",
                "url": "https://api.github.com/repos/auraphp/Aura.Payload/zipball/0599d5829a08b4a811395cdfb2b942c99c292bc1",
                "reference": "0599d5829a08b4a811395cdfb2b942c99c292bc1",
                "shasum": ""
            },
            "require": {
                "aura/payload-interface": "~3.0",
                "php": ">=5.5.0"
            },
            "type": "library",
            "autoload": {
                "psr-4": {
                    "Aura\\Payload\\": "src/"
                }
            },
            "notification-url": "https://packagist.org/downloads/",
            "license": [
                "MIT"
            ],
            "authors": [
                {
                    "name": "Aura.Payload Contributors",
                    "homepage": "https://github.com/auraphp/Aura.Payload/contributors"
                }
            ],
            "description": "A Domain Payload implementation.",
            "homepage": "https://github.com/auraphp/Aura.Payload",
            "keywords": [
                "ddd",
                "domain",
                "payload"
            ],
            "time": "2015-12-01 15:19:08"
        },
        {
            "name": "aura/payload-interface",
            "version": "3.x-dev",
            "source": {
                "type": "git",
                "url": "https://github.com/auraphp/Aura.Payload_Interface.git",
                "reference": "3228967aa56095f62caa6564be0b0529d668db15"
            },
            "dist": {
                "type": "zip",
                "url": "https://api.github.com/repos/auraphp/Aura.Payload_Interface/zipball/3228967aa56095f62caa6564be0b0529d668db15",
                "reference": "3228967aa56095f62caa6564be0b0529d668db15",
                "shasum": ""
            },
            "require": {
                "php": ">=5.5.0"
            },
            "type": "library",
            "autoload": {
                "psr-4": {
                    "Aura\\Payload_Interface\\": "src/"
                }
            },
            "notification-url": "https://packagist.org/downloads/",
            "license": [
                "MIT"
            ],
            "authors": [
                {
                    "name": "Aura.Payload_Interface Contributors",
                    "homepage": "https://github.com/auraphp/Aura.Payload_Interface/contributors"
                }
            ],
            "description": "An interface package for Domain Payload implementations.",
            "homepage": "https://github.com/auraphp/Aura.Payload_Interface",
            "keywords": [
                "ddd",
                "domain",
                "payload"
            ],
            "time": "2015-12-01 15:16:56"
        },
        {
            "name": "aura/router",
            "version": "3.x-dev",
            "source": {
                "type": "git",
                "url": "https://github.com/auraphp/Aura.Router.git",
                "reference": "aeb49c8903cb07561022e2b65ef16c68fd2c01da"
            },
            "dist": {
                "type": "zip",
                "url": "https://api.github.com/repos/auraphp/Aura.Router/zipball/aeb49c8903cb07561022e2b65ef16c68fd2c01da",
                "reference": "aeb49c8903cb07561022e2b65ef16c68fd2c01da",
                "shasum": ""
            },
            "require": {
                "php": ">=5.5.0",
                "psr/http-message": "~1.0",
                "psr/log": "~1.0"
            },
            "require-dev": {
                "zendframework/zend-diactoros": "~1.0"
            },
            "type": "library",
            "autoload": {
                "psr-4": {
                    "Aura\\Router\\": "src/"
                }
            },
            "notification-url": "https://packagist.org/downloads/",
            "license": [
                "MIT"
            ],
            "authors": [
                {
                    "name": "Aura.Router Contributors",
                    "homepage": "https://github.com/auraphp/Aura.Router/contributors"
                }
            ],
            "description": "Powerful, flexible web routing for PSR-7 requests.",
            "homepage": "https://github.com/auraphp/Aura.Router",
            "keywords": [
                "psr-7",
                "route",
                "router",
                "routing"
            ],
            "time": "2015-12-01 15:31:40"
        },
        {
            "name": "container-interop/container-interop",
            "version": "1.1.0",
            "source": {
                "type": "git",
                "url": "https://github.com/container-interop/container-interop.git",
                "reference": "fc08354828f8fd3245f77a66b9e23a6bca48297e"
            },
            "dist": {
                "type": "zip",
                "url": "https://api.github.com/repos/container-interop/container-interop/zipball/fc08354828f8fd3245f77a66b9e23a6bca48297e",
                "reference": "fc08354828f8fd3245f77a66b9e23a6bca48297e",
                "shasum": ""
            },
            "type": "library",
            "autoload": {
                "psr-4": {
                    "Interop\\Container\\": "src/Interop/Container/"
                }
            },
            "notification-url": "https://packagist.org/downloads/",
            "license": [
                "MIT"
            ],
            "description": "Promoting the interoperability of container objects (DIC, SL, etc.)",
            "time": "2014-12-30 15:22:37"
        },
        {
            "name": "psr/http-message",
            "version": "dev-master",
            "source": {
                "type": "git",
                "url": "https://github.com/php-fig/http-message.git",
                "reference": "85d63699f0dbedb190bbd4b0d2b9dc707ea4c298"
            },
            "dist": {
                "type": "zip",
                "url": "https://api.github.com/repos/php-fig/http-message/zipball/85d63699f0dbedb190bbd4b0d2b9dc707ea4c298",
                "reference": "85d63699f0dbedb190bbd4b0d2b9dc707ea4c298",
                "shasum": ""
            },
            "require": {
                "php": ">=5.3.0"
            },
            "type": "library",
            "extra": {
                "branch-alias": {
                    "dev-master": "1.0.x-dev"
                }
            },
            "autoload": {
                "psr-4": {
                    "Psr\\Http\\Message\\": "src/"
                }
            },
            "notification-url": "https://packagist.org/downloads/",
            "license": [
                "MIT"
            ],
            "authors": [
                {
                    "name": "PHP-FIG",
                    "homepage": "http://www.php-fig.org/"
                }
            ],
            "description": "Common interface for HTTP messages",
            "keywords": [
                "http",
                "http-message",
                "psr",
                "psr-7",
                "request",
                "response"
            ],
            "time": "2015-05-04 20:22:00"
        },
        {
            "name": "psr/log",
            "version": "dev-master",
            "source": {
                "type": "git",
                "url": "https://github.com/php-fig/log.git",
                "reference": "d8e60a5619fff77f9669da8997697443ef1a1d7e"
            },
            "dist": {
                "type": "zip",
                "url": "https://api.github.com/repos/php-fig/log/zipball/d8e60a5619fff77f9669da8997697443ef1a1d7e",
                "reference": "d8e60a5619fff77f9669da8997697443ef1a1d7e",
                "shasum": ""
            },
            "require": {
                "php": ">=5.3.0"
            },
            "type": "library",
            "extra": {
                "branch-alias": {
                    "dev-master": "1.0.x-dev"
                }
            },
            "autoload": {
                "psr-4": {
                    "Psr\\Log\\": "Psr/Log/"
                }
            },
            "notification-url": "https://packagist.org/downloads/",
            "license": [
                "MIT"
            ],
            "authors": [
                {
                    "name": "PHP-FIG",
                    "homepage": "http://www.php-fig.org/"
                }
            ],
            "description": "Common interface for logging libraries",
            "homepage": "https://github.com/php-fig/log",
            "keywords": [
                "log",
                "psr",
                "psr-3"
            ],
            "time": "2016-01-06 21:40:42"
        },
        {
            "name": "radar/adr",
            "version": "1.x-dev",
            "source": {
                "type": "git",
                "url": "https://github.com/radarphp/Radar.Adr.git",
                "reference": "6d7e3beb2afe8cb4f89ec7a3eca62053538263fa"
            },
            "dist": {
                "type": "zip",
                "url": "https://api.github.com/repos/radarphp/Radar.Adr/zipball/6d7e3beb2afe8cb4f89ec7a3eca62053538263fa",
                "reference": "6d7e3beb2afe8cb4f89ec7a3eca62053538263fa",
                "shasum": ""
            },
            "require": {
                "arbiter/arbiter": "~1.0",
                "aura/di": "~3.0",
                "aura/payload": "~3.0",
                "aura/router": "~3.0",
                "relay/middleware": "~1.0",
                "relay/relay": "~1.0"
            },
            "require-dev": {
                "zendframework/zend-diactoros": "~1.0"
            },
            "type": "library",
            "autoload": {
                "psr-4": {
                    "Radar\\Adr\\": "src/"
                }
            },
            "notification-url": "https://packagist.org/downloads/",
            "license": [
                "MIT"
            ],
            "description": "The Action-Domain-Responder core library for Radar.",
            "homepage": "https://github.com/radarphp/Radar.Adr",
            "time": "2016-01-20 17:15:26"
        },
        {
            "name": "relay/middleware",
            "version": "1.x-dev",
            "source": {
                "type": "git",
                "url": "https://github.com/relayphp/Relay.Middleware.git",
                "reference": "fb05e7bbf73b49f71700e17c6966b0d289e9fc3d"
            },
            "dist": {
                "type": "zip",
                "url": "https://api.github.com/repos/relayphp/Relay.Middleware/zipball/fb05e7bbf73b49f71700e17c6966b0d289e9fc3d",
                "reference": "fb05e7bbf73b49f71700e17c6966b0d289e9fc3d",
                "shasum": ""
            },
            "require": {
                "psr/http-message": "~1.0"
            },
            "require-dev": {
                "zendframework/zend-diactoros": "~1.0"
            },
            "type": "library",
            "autoload": {
                "psr-4": {
                    "Relay\\Middleware\\": "src/"
                }
            },
            "notification-url": "https://packagist.org/downloads/",
            "license": [
                "MIT"
            ],
            "description": "Basic Relay-compatible middleware decorators.",
            "homepage": "https://github.com/relayphp/Relay.Middleware",
            "time": "2016-01-25 22:54:13"
        },
        {
            "name": "relay/relay",
            "version": "1.x-dev",
            "source": {
                "type": "git",
                "url": "https://github.com/relayphp/Relay.Relay.git",
                "reference": "e835fc45351b7a92a6fdf2a36be7bd59ef56c8ae"
            },
            "dist": {
                "type": "zip",
                "url": "https://api.github.com/repos/relayphp/Relay.Relay/zipball/e835fc45351b7a92a6fdf2a36be7bd59ef56c8ae",
                "reference": "e835fc45351b7a92a6fdf2a36be7bd59ef56c8ae",
                "shasum": ""
            },
            "require": {
                "php": ">=5.5.0",
                "psr/http-message": "~1.0"
            },
            "require-dev": {
                "zendframework/zend-diactoros": "~1.0"
            },
            "type": "library",
            "autoload": {
                "psr-4": {
                    "Relay\\": "src/"
                }
            },
            "notification-url": "https://packagist.org/downloads/",
            "license": [
                "MIT"
            ],
            "authors": [
                {
                    "name": "Relay.Relay Contributors",
                    "homepage": "https://github.com/relayphp/Relay.Relay/contributors"
                }
            ],
            "description": "A PSR-7 middleware dispatcher.",
            "homepage": "https://github.com/relayphp/Relay.Relay",
            "keywords": [
                "middleware",
                "psr-7"
            ],
            "time": "2015-12-17 18:18:30"
        },
        {
            "name": "zendframework/zend-diactoros",
            "version": "dev-develop",
            "source": {
                "type": "git",
                "url": "https://github.com/zendframework/zend-diactoros.git",
                "reference": "c866b82a964a82aaa40b971fd344f882ca9b92d9"
            },
            "dist": {
                "type": "zip",
                "url": "https://api.github.com/repos/zendframework/zend-diactoros/zipball/c866b82a964a82aaa40b971fd344f882ca9b92d9",
                "reference": "c866b82a964a82aaa40b971fd344f882ca9b92d9",
                "shasum": ""
            },
            "require": {
                "php": ">=5.4",
                "psr/http-message": "~1.0"
            },
            "provide": {
                "psr/http-message-implementation": "~1.0.0"
            },
            "require-dev": {
                "phpunit/phpunit": "~4.6",
                "squizlabs/php_codesniffer": "^2.3.1"
            },
            "type": "library",
            "extra": {
                "branch-alias": {
                    "dev-master": "1.3-dev",
                    "dev-develop": "1.4-dev"
                }
            },
            "autoload": {
                "psr-4": {
                    "Zend\\Diactoros\\": "src/"
                }
            },
            "notification-url": "https://packagist.org/downloads/",
            "license": [
                "BSD-2-Clause"
            ],
            "description": "PSR HTTP Message implementations",
            "homepage": "https://github.com/zendframework/zend-diactoros",
            "keywords": [
                "http",
                "psr",
                "psr-7"
            ],
            "time": "2016-01-04 21:39:41"
        }
    ],
    "packages-dev": [],
    "aliases": [],
    "minimum-stability": "dev",
    "stability-flags": [],
    "prefer-stable": false,
    "prefer-lowest": false,
    "platform": {
        "php": ">=5.5.0"
    },
    "platform-dev": []
}
